
Microsoft Visual Studio Solution File, Format Version 12.00
# Visual Studio Version 17
VisualStudioVersion = 17.5.33627.172
MinimumVisualStudioVersion = 10.0.40219.1
Project("{FAE04EC0-301F-11D3-BF4B-00C04F79EFBC}") = "Zibma.RestSharp.Authenticators.Digest", "Zibma.RestSharp.Authenticators.Digest\Zibma.RestSharp.Authenticators.Digest.csproj", "{F3561F16-E521-40B8-9DD6-56A26E4756B7}"
EndProject
Global
	GlobalSection(SolutionConfigurationPlatforms) = preSolution
		Debug|Any CPU = Debug|Any CPU
		Release|Any CPU = Release|Any CPU
	EndGlobalSection
	GlobalSection(ProjectConfigurationPlatforms) = postSolution
		{F3561F16-E521-40B8-9DD6-56A26E4756B7}.Debug|Any CPU.ActiveCfg = Debug|Any CPU
		{F3561F16-E521-40B8-9DD6-56A26E4756B7}.Debug|Any CPU.Build.0 = Debug|Any CPU
		{F3561F16-E521-40B8-9DD6-56A26E4756B7}.Release|Any CPU.ActiveCfg = Release|Any CPU
		{F3561F16-E521-40B8-9DD6-56A26E4756B7}.Release|Any CPU.Build.0 = Release|Any CPU
	EndGlobalSection
	GlobalSection(SolutionProperties) = preSolution
		HideSolutionNode = FALSE
	EndGlobalSection
	GlobalSection(ExtensibilityGlobals) = postSolution
		SolutionGuid = {3F17DE81-F295-414A-8093-7948CFF262A9}
	EndGlobalSection
EndGlobal
